<?xml version="1.0" encoding="utf-8"?>
<Project ToolsVersion="4.0" xmlns="http://schemas.microsoft.com/developer/msbuild/2003">
  <ItemGroup>
    <Filter Include="vendor">
      <UniqueIdentifier>{c343f291-9f7c-4118-b83b-a9c1942c72db}</UniqueIdentifier>
    </Filter>
    <Filter Include="vendor\nvar">
      <UniqueIdentifier>{c20c06f5-a856-43f9-9b46-f663c30702ab}</UniqueIdentifier>
    </Filter>
  </ItemGroup>
  <ItemGroup>
    <ClInclude Include="CCommon.h" />
    <ClInclude Include="CServerDriver.h" />
    <ClInclude Include="CVirtualBaseStation.h" />
    <ClInclude Include="CVirtualBodyTracker.h" />
    <ClInclude Include="CVirtualDevice.h" />
    <ClInclude Include="pch.h" />
    <ClInclude Include="CNvBodyTracker.h" />
  </ItemGroup>
  <ItemGroup>
    <ClCompile Include="nvar\src\nvARProxy.cpp">
      <Filter>vendor\nvar</Filter>
    </ClCompile>
    <ClCompile Include="nvar\src\nvCVImageProxy.cpp">
      <Filter>vendor\nvar</Filter>
    </ClCompile>
    <ClCompile Include="CCommon.cpp" />
    <ClCompile Include="CServerDriver.cpp" />
    <ClCompile Include="CVirtualBaseStation.cpp" />
    <ClCompile Include="CVirtualBodyTracker.cpp" />
    <ClCompile Include="CVirtualDevice.cpp" />
    <ClCompile Include="dllmain.cpp" />
    <ClCompile Include="pch.cpp" />
    <ClCompile Include="CNvBodyTracker.cpp" />
  </ItemGroup>
</Project>